{
  "name": "dancing-bb8p",
  "version": "0.1.0",
  "lockfileVersion": 1,
  "requires": true,
  "dependencies": {
    "@types/web-bluetooth": {
      "version": "0.0.3",
      "resolved": "https://registry.npmjs.org/@types/web-bluetooth/-/web-bluetooth-0.0.3.tgz",
      "integrity": "sha512-Pk4ArFI+nyf4wkqKwR4tTNMEmuMoccDns8mqL/9wty/mCJAutPgc0rO42ywxa3WD06K75xkg0jYglp6hx5s2XA==",
      "dev": true
    }
  }
}
